// !$*UTF8*$!
{
	archiveVersion = 1;
	classes = {
	};
	objectVersion = 46;
	objects = {

/* Begin PBXBuildFile section */
		6D8324331E26EE9B00E1DA1F /* AppDelegate.swift in Sources */ = {isa = PBXBuildFile; fileRef = 6D8324321E26EE9B00E1DA1F /* AppDelegate.swift */; };
		6D8324351E26EE9B00E1DA1F /* ViewController.swift in Sources */ = {isa = PBXBuildFile; fileRef = 6D8324341E26EE9B00E1DA1F /* ViewController.swift */; };
		6D8324381E26EE9B00E1DA1F /* Main.storyboard in Resources */ = {isa = PBXBuildFile; fileRef = 6D8324361E26EE9B00E1DA1F /* Main.storyboard */; };
		6D83243B1E26EE9B00E1DA1F /* BD.xcdatamodeld in Sources */ = {isa = PBXBuildFile; fileRef = 6D8324391E26EE9B00E1DA1F /* BD.xcdatamodeld */; };
		6D83243D1E26EE9B00E1DA1F /* Assets.xcassets in Resources */ = {isa = PBXBuildFile; fileRef = 6D83243C1E26EE9B00E1DA1F /* Assets.xcassets */; };
		6D8324401E26EE9B00E1DA1F /* LaunchScreen.storyboard in Resources */ = {isa = PBXBuildFile; fileRef = 6D83243E1E26EE9B00E1DA1F /* LaunchScreen.storyboard */; };
/* End PBXBuildFile section */

/* Begin PBXFileReference section */
		6D83242F1E26EE9B00E1DA1F /* BD.app */ = {isa = PBXFileReference; explicitFileType = wrapper.application; includeInIndex = 0; path = BD.app; sourceTree = BUILT_PRODUCTS_DIR; };
		6D8324321E26EE9B00E1DA1F /* AppDelegate.swift */ = {isa = PBXFileReference; lastKnownFileType = sourcecode.swift; path = AppDelegate.swift; sourceTree = "<group>"; };
		6D8324341E26EE9B00E1DA1F /* ViewController.swift */ = {isa = PBXFileReference; lastKnownFileType = sourcecode.swift; path = ViewController.swift; sourceTree = "<group>"; };
		6D8324371E26EE9B00E1DA1F /* Base */ = {isa = PBXFileReference; lastKnownFileType = file.storyboard; name = Base; path = Base.lproj/Main.storyboard; sourceTree = "<group>"; };
		6D83243A1E26EE9B00E1DA1F /* BD.xcdatamodel */ = {isa = PBXFileReference; lastKnownFileType = wrapper.xcdatamodel; path = BD.xcdatamodel; sourceTree = "<group>"; };
		6D83243C1E26EE9B00E1DA1F /* Assets.xcassets */ = {isa = PBXFileReference; lastKnownFileType = folder.assetcatalog; path = Assets.xcassets; sourceTree = "<group>"; };
		6D83243F1E26EE9B00E1DA1F /* Base */ = {isa = PBXFileReference; lastKnownFileType = file.storyboard; name = Base; path = Base.lproj/LaunchScreen.storyboard; sourceTree = "<group>"; };
		6D8324411E26EE9B00E1DA1F /* Info.plist */ = {isa = PBXFileReference; lastKnownFileType = text.plist.xml; path = Info.plist; sourceTree = "<group>"; };
/* End PBXFileReference section */

/* Begin PBXFrameworksBuildPhase section */
		6D83242C1E26EE9B00E1DA1F /* Frameworks */ = {
			isa = PBXFrameworksBuildPhase;
			buildActionMask = 2147483647;
			files = (
			);
			runOnlyForDeploymentPostprocessing = 0;
		};
/* End PBXFrameworksBuildPhase section */

/* Begin PBXGroup section */
		6D8324261E26EE9B00E1DA1F = {
			isa = PBXGroup;
			children = (
				6D8324311E26EE9B00E1DA1F /* BD */,
				6D8324301E26EE9B00E1DA1F /* Products */,
			);
			sourceTree = "<group>";
		};
		6D8324301E26EE9B00E1DA1F /* Products */ = {
			isa = PBXGroup;
			children = (
				6D83242F1E26EE9B00E1DA1F /* BD.app */,
			);
			name = Products;
			sourceTree = "<group>";
		};
		6D8324311E26EE9B00E1DA1F /* BD */ = {
			isa = PBXGroup;
			children = (
				6D8324321E26EE9B00E1DA1F /* AppDelegate.swift */,
				6D8324341E26EE9B00E1DA1F /* ViewController.swift */,
				6D8324361E26EE9B00E1DA1F /* Main.storyboard */,
				6D83243C1E26EE9B00E1DA1F /* Assets.xcassets */,
				6D83243E1E26EE9B00E1DA1F /* LaunchScreen.storyboard */,
				6D8324411E26EE9B00E1DA1F /* Info.plist */,
				6D8324391E26EE9B00E1DA1F /* BD.xcdatamodeld */,
			);
			path = BD;
			sourceTree = "<group>";
		};
/* End PBXGroup section */

/* Begin PBXNativeTarget section */
		6D83242E1E26EE9B00E1DA1F /* BD */ = {
			isa = PBXNativeTarget;
			buildConfigurationList = 6D8324441E26EE9B00E1DA1F /* Build configuration list for PBXNativeTarget "BD" */;
			buildPhases = (
				6D83242B1E26EE9B00E1DA1F /* Sources */,
				6D83242C1E26EE9B00E1DA1F /* Frameworks */,
				6D83242D1E26EE9B00E1DA1F /* Resources */,
			);
			buildRules = (
			);
			dependencies = (
			);
			name = BD;
			productName = BD;
			productReference = 6D83242F1E26EE9B00E1DA1F /* BD.app */;
			productType = "com.apple.product-type.application";
		};
/* End PBXNativeTarget section */

/* Begin PBXProject section */
		6D8324271E26EE9B00E1DA1F /* Project object */ = {
			isa = PBXProject;
			attributes = {
				LastSwiftUpdateCheck = 0820;
				LastUpgradeCheck = 0820;
				ORGANIZATIONNAME = "Gorelikov production";
				TargetAttributes = {
					6D83242E1E26EE9B00E1DA1F = {
						CreatedOnToolsVersion = 8.2.1;
						ProvisioningStyle = Automatic;
					};
				};
			};
			buildConfigurationList = 6D83242A1E26EE9B00E1DA1F /* Build configuration list for PBXProject "BD" */;
			compatibilityVersion = "Xcode 3.2";
			developmentRegion = English;
			hasScannedForEncodings = 0;
			knownRegions = (
				en,
				Base,
			);
			mainGroup = 6D8324261E26EE9B00E1DA1F;
			productRefGroup = 6D8324301E26EE9B00E1DA1F /* Products */;
			projectDirPath = "";
			projectRoot = "";
			targets = (
				6D83242E1E26EE9B00E1DA1F /* BD */,
			);
		};
/* End PBXProject section */

/* Begin PBXResourcesBuildPhase section */
		6D83242D1E26EE9B00E1DA1F /* Resources */ = {
			isa = PBXResourcesBuildPhase;
			buildActionMask = 2147483647;
			files = (
				6D8324401E26EE9B00E1DA1F /* LaunchScreen.storyboard in Resources */,
				6D83243D1E26EE9B00E1DA1F /* Assets.xcassets in Resources */,
				6D8324381E26EE9B00E1DA1F /* Main.storyboard in Resources */,
			);
			runOnlyForDeploymentPostprocessing = 0;
		};
/* End PBXResourcesBuildPhase section */

/* Begin PBXSourcesBuildPhase section */
		6D83242B1E26EE9B00E1DA1F /* Sources */ = {
			isa = PBXSourcesBuildPhase;
			buildActionMask = 2147483647;
			files = (
				6D83243B1E26EE9B00E1DA1F /* BD.xcdatamodeld in Sources */,
				6D8324351E26EE9B00E1DA1F /* ViewController.swift in Sources */,
				6D8324331E26EE9B00E1DA1F /* AppDelegate.swift in Sources */,
			);
			runOnlyForDeploymentPostprocessing = 0;
		};
/* End PBXSourcesBuildPhase section */

/* Begin PBXVariantGroup section */
		6D8324361E26EE9B00E1DA1F /* Main.storyboard */ = {
			isa = PBXVariantGroup;
			children = (
				6D8324371E26EE9B00E1DA1F /* Base */,
			);
			name = Main.storyboard;
			sourceTree = "<group>";
		};
		6D83243E1E26EE9B00E1DA1F /* LaunchScreen.storyboard */ = {
			isa = PBXVariantGroup;
			children = (
				6D83243F1E26EE9B00E1DA1F /* Base */,
			);
			name = LaunchScreen.storyboard;
			sourceTree = "<group>";
		};
/* End PBXVariantGroup section */

/* Begin XCBuildConfiguration section */
		6D8324421E26EE9B00E1DA1F /* Debug */ = {
			isa = XCBuildConfiguration;
			buildSettings = {
				ALWAYS_SEARCH_USER_PATHS = NO;
				CLANG_ANALYZER_NONNULL = YES;
				CLANG_CXX_LANGUAGE_STANDARD = "gnu++0x";
				CLANG_CXX_LIBRARY = "libc++";
				CLANG_ENABLE_MODULES = YES;
				CLANG_ENABLE_OBJC_ARC = YES;
				CLANG_WARN_BOOL_CONVERSION = YES;
				CLANG_WARN_CONSTANT_CONVERSION = YES;
				CLANG_WARN_DIRECT_OBJC_ISA_USAGE = YES_ERROR;
				CLANG_WARN_DOCUMENTATION_COMMENTS = YES;
				CLANG_WARN_EMPTY_BODY = YES;
				CLANG_WARN_ENUM_CONVERSION = YES;
				CLANG_WARN_INFINITE_RECURSION = YES;
				CLANG_WARN_INT_CONVERSION = YES;
				CLANG_WARN_OBJC_ROOT_CLASS = YES_ERROR;
				CLANG_WARN_SUSPICIOUS_MOVE = YES;
				CLANG_WARN_UNREACHABLE_CODE = YES;
				CLANG_WARN__DUPLICATE_METHOD_MATCH = YES;
				"CODE_SIGN_IDENTITY[sdk=iphoneos*]" = "iPhone Developer";
				COPY_PHASE_STRIP = NO;
				DEBUG_INFORMATION_FORMAT = dwarf;
				ENABLE_STRICT_OBJC_MSGSEND = YES;
				ENABLE_TESTABILITY = YES;
				GCC_C_LANGUAGE_STANDARD = gnu99;
				GCC_DYNAMIC_NO_PIC = NO;
				GCC_NO_COMMON_BLOCKS = YES;
				GCC_OPTIMIZATION_LEVEL = 0;
				GCC_PREPROCESSOR_DEFINITIONS = (
					"DEBUG=1",
					"$(inherited)",
				);
				GCC_WARN_64_TO_32_BIT_CONVERSION = YES;
				GCC_WARN_ABOUT_RETURN_TYPE = YES_ERROR;
				GCC_WARN_UNDECLARED_SELECTOR = YES;
				GCC_WARN_UNINITIALIZED_AUTOS = YES_AGGRESSIVE;
				GCC_WARN_UNUSED_FUNCTION = YES;
				GCC_WARN_UNUSED_VARIABLE = YES;
				IPHONEOS_DEPLOYMENT_TARGET = 10.2;
				MTL_ENABLE_DEBUG_INFO = YES;
				ONLY_ACTIVE_ARCH = YES;
				SDKROOT = iphoneos;
				SWIFT_ACTIVE_COMPILATION_CONDITIONS = DEBUG;
				SWIFT_OPTIMIZATION_LEVEL = "-Onone";
			};
			name = Debug;
		};
		6D8324431E26EE9B00E1DA1F /* Release */ = {
			isa = XCBuildConfiguration;
			buildSettings = {
				ALWAYS_SEARCH_USER_PATHS = NO;
				CLANG_ANALYZER_NONNULL = YES;
				CLANG_CXX_LANGUAGE_STANDARD = "gnu++0x";
				CLANG_CXX_LIBRARY = "libc++";
				CLANG_ENABLE_MODULES = YES;
				CLANG_ENABLE_OBJC_ARC = YES;
				CLANG_WARN_BOOL_CONVERSION = YES;
				CLANG_WARN_CONSTANT_CONVERSION = YES;
				CLANG_WARN_DIRECT_OBJC_ISA_USAGE = YES_ERROR;
				CLANG_WARN_DOCUMENTATION_COMMENTS = YES;
				CLANG_WARN_EMPTY_BODY = YES;
				CLANG_WARN_ENUM_CONVERSION = YES;
				CLANG_WARN_INFINITE_RECURSION = YES;
				CLANG_WARN_INT_CONVERSION = YES;
				CLANG_WARN_OBJC_ROOT_CLASS = YES_ERROR;
				CLANG_WARN_SUSPICIOUS_MOVE = YES;
				CLANG_WARN_UNREACHABLE_CODE = YES;
				CLANG_WARN__DUPLICATE_METHOD_MATCH = YES;
				"CODE_SIGN_IDENTITY[sdk=iphoneos*]" = "iPhone Developer";
				COPY_PHASE_STRIP = NO;
				DEBUG_INFORMATION_FORMAT = "dwarf-with-dsym";
				ENABLE_NS_ASSERTIONS = NO;
				ENABLE_STRICT_OBJC_MSGSEND = YES;
				GCC_C_LANGUAGE_STANDARD = gnu99;
				GCC_NO_COMMON_BLOCKS = YES;
				GCC_WARN_64_TO_32_BIT_CONVERSION = YES;
				GCC_WARN_ABOUT_RETURN_TYPE = YES_ERROR;
				GCC_WARN_UNDECLARED_SELECTOR = YES;
				GCC_WARN_UNINITIALIZED_AUTOS = YES_AGGRESSIVE;
				GCC_WARN_UNUSED_FUNCTION = YES;
				GCC_WARN_UNUSED_VARIABLE = YES;
				IPHONEOS_DEPLOYMENT_TARGET = 10.2;
				MTL_ENABLE_DEBUG_INFO = NO;
				SDKROOT = iphoneos;
				SWIFT_OPTIMIZATION_LEVEL = "-Owholemodule";
				VALIDATE_PRODUCT = YES;
			};
			name = Release;
		};
		6D8324451E26EE9B00E1DA1F /* Debug */ = {
			isa = XCBuildConfiguration;
			buildSettings = {
				ASSETCATALOG_COMPILER_APPICON_NAME = AppIcon;
				INFOPLIST_FILE = BD/Info.plist;
				LD_RUNPATH_SEARCH_PATHS = "$(inherited) @executable_path/Frameworks";
				PRODUCT_BUNDLE_IDENTIFIER = com.gorelikov.BD;
				PRODUCT_NAME = "$(TARGET_NAME)";
				SWIFT_VERSION = 3.0;
			};
			name = Debug;
		};
		6D8324461E26EE9B00E1DA1F /* Release */ = {
			isa = XCBuildConfiguration;
			buildSettings = {
				ASSETCATALOG_COMPILER_APPICON_NAME = AppIcon;
				INFOPLIST_FILE = BD/Info.plist;
				LD_RUNPATH_SEARCH_PATHS = "$(inherited) @executable_path/Frameworks";
				PRODUCT_BUNDLE_IDENTIFIER = com.gorelikov.BD;
				PRODUCT_NAME = "$(TARGET_NAME)";
				SWIFT_VERSION = 3.0;
			};
			name = Release;
		};
/* End XCBuildConfiguration section */

/* Begin XCConfigurationList section */
		6D83242A1E26EE9B00E1DA1F /* Build configuration list for PBXProject "BD" */ = {
			isa = XCConfigurationList;
			buildConfigurations = (
				6D8324421E26EE9B00E1DA1F /* Debug */,
				6D8324431E26EE9B00E1DA1F /* Release */,
			);
			defaultConfigurationIsVisible = 0;
			defaultConfigurationName = Release;
		};
		6D8324441E26EE9B00E1DA1F /* Build configuration list for PBXNativeTarget "BD" */ = {
			isa = XCConfigurationList;
			buildConfigurations = (
				6D8324451E26EE9B00E1DA1F /* Debug */,
				6D8324461E26EE9B00E1DA1F /* Release */,
			);
			defaultConfigurationIsVisible = 0;
		};
/* End XCConfigurationList section */

/* Begin XCVersionGroup section */
		6D8324391E26EE9B00E1DA1F /* BD.xcdatamodeld */ = {
			isa = XCVersionGroup;
			children = (
				6D83243A1E26EE9B00E1DA1F /* BD.xcdatamodel */,
			);
			currentVersion = 6D83243A1E26EE9B00E1DA1F /* BD.xcdatamodel */;
			path = BD.xcdatamodeld;
			sourceTree = "<group>";
			versionGroupType = wrapper.xcdatamodel;
		};
/* End XCVersionGroup section */
	};
	rootObject = 6D8324271E26EE9B00E1DA1F /* Project object */;
}
